
Microsoft Visual Studio Solution File, Format Version 12.00
# Visual Studio 15
VisualStudioVersion = 15.0.27130.2010
MinimumVisualStudioVersion = 10.0.40219.1
Project("{FAE04EC0-301F-11D3-BF4B-00C04F79EFBC}") = "PasswordValidator", "PasswordValidator\PasswordValidator.csproj", "{8C2AEE0A-B964-4185-92C5-0EF379F56DEA}"
EndProject
Project("{2150E333-8FDC-42A3-9474-1A3956D46DE8}") = "Solution Items", "Solution Items", "{5A9B6DA4-38A5-49DD-9246-75FA361C08BB}"
	ProjectSection(SolutionItems) = preProject
		.gitignore = .gitignore
	EndProjectSection
EndProject
Global
	GlobalSection(SolutionConfigurationPlatforms) = preSolution
		Debug|Any CPU = Debug|Any CPU
		Release|Any CPU = Release|Any CPU
	EndGlobalSection
	GlobalSection(ProjectConfigurationPlatforms) = postSolution
		{8C2AEE0A-B964-4185-92C5-0EF379F56DEA}.Debug|Any CPU.ActiveCfg = Debug|Any CPU
		{8C2AEE0A-B964-4185-92C5-0EF379F56DEA}.Debug|Any CPU.Build.0 = Debug|Any CPU
		{8C2AEE0A-B964-4185-92C5-0EF379F56DEA}.Release|Any CPU.ActiveCfg = Release|Any CPU
		{8C2AEE0A-B964-4185-92C5-0EF379F56DEA}.Release|Any CPU.Build.0 = Release|Any CPU
	EndGlobalSection
	GlobalSection(SolutionProperties) = preSolution
		HideSolutionNode = FALSE
	EndGlobalSection
	GlobalSection(ExtensibilityGlobals) = postSolution
		SolutionGuid = {88416D44-4341-4CF2-9C44-74EC313F3152}
	EndGlobalSection
EndGlobal
